
Microsoft Visual Studio Solution File, Format Version 12.00
# Visual Studio Version 17
VisualStudioVersion = 17.0.31912.275
MinimumVisualStudioVersion = 10.0.40219.1
Project("{FAE04EC0-301F-11D3-BF4B-00C04F79EFBC}") = "Lab__01__managerStudent", "Lab__01__managerStudent\Lab__01__managerStudent.csproj", "{D2481C2C-CF46-4653-8F94-590B1FBDBFC1}"
EndProject
Global
	GlobalSection(SolutionConfigurationPlatforms) = preSolution
		Debug|Any CPU = Debug|Any CPU
		Release|Any CPU = Release|Any CPU
	EndGlobalSection
	GlobalSection(ProjectConfigurationPlatforms) = postSolution
		{D2481C2C-CF46-4653-8F94-590B1FBDBFC1}.Debug|Any CPU.ActiveCfg = Debug|Any CPU
		{D2481C2C-CF46-4653-8F94-590B1FBDBFC1}.Debug|Any CPU.Build.0 = Debug|Any CPU
		{D2481C2C-CF46-4653-8F94-590B1FBDBFC1}.Release|Any CPU.ActiveCfg = Release|Any CPU
		{D2481C2C-CF46-4653-8F94-590B1FBDBFC1}.Release|Any CPU.Build.0 = Release|Any CPU
	EndGlobalSection
	GlobalSection(SolutionProperties) = preSolution
		HideSolutionNode = FALSE
	EndGlobalSection
	GlobalSection(ExtensibilityGlobals) = postSolution
		SolutionGuid = {8345EEA1-E2A7-4223-958D-6ECE2509B730}
	EndGlobalSection
EndGlobal
