
Microsoft Visual Studio Solution File, Format Version 12.00
# Visual Studio Version 17
VisualStudioVersion = 17.0.31912.275
MinimumVisualStudioVersion = 10.0.40219.1
Project("{FAE04EC0-301F-11D3-BF4B-00C04F79EFBC}") = "TinhDaHinh", "TinhDaHinh\TinhDaHinh.csproj", "{7797F927-D0BE-4C94-991B-ACFDC5A35688}"
EndProject
Global
	GlobalSection(SolutionConfigurationPlatforms) = preSolution
		Debug|Any CPU = Debug|Any CPU
		Release|Any CPU = Release|Any CPU
	EndGlobalSection
	GlobalSection(ProjectConfigurationPlatforms) = postSolution
		{7797F927-D0BE-4C94-991B-ACFDC5A35688}.Debug|Any CPU.ActiveCfg = Debug|Any CPU
		{7797F927-D0BE-4C94-991B-ACFDC5A35688}.Debug|Any CPU.Build.0 = Debug|Any CPU
		{7797F927-D0BE-4C94-991B-ACFDC5A35688}.Release|Any CPU.ActiveCfg = Release|Any CPU
		{7797F927-D0BE-4C94-991B-ACFDC5A35688}.Release|Any CPU.Build.0 = Release|Any CPU
	EndGlobalSection
	GlobalSection(SolutionProperties) = preSolution
		HideSolutionNode = FALSE
	EndGlobalSection
	GlobalSection(ExtensibilityGlobals) = postSolution
		SolutionGuid = {C27291C7-DA32-4DF5-B4C6-832826D07308}
	EndGlobalSection
EndGlobal
